
Microsoft Visual Studio Solution File, Format Version 12.00
# Visual Studio 2012
Project("{8BC9CEB8-8B4A-11D0-8D11-00A0C91BC942}") = "harj13", "harj13\harj13.vcxproj", "{07989C80-E826-46B9-992D-2B35DA40FC34}"
EndProject
Global
	GlobalSection(SolutionConfigurationPlatforms) = preSolution
		Debug|Win32 = Debug|Win32
		Release|Win32 = Release|Win32
	EndGlobalSection
	GlobalSection(ProjectConfigurationPlatforms) = postSolution
		{07989C80-E826-46B9-992D-2B35DA40FC34}.Debug|Win32.ActiveCfg = Debug|Win32
		{07989C80-E826-46B9-992D-2B35DA40FC34}.Debug|Win32.Build.0 = Debug|Win32
		{07989C80-E826-46B9-992D-2B35DA40FC34}.Release|Win32.ActiveCfg = Release|Win32
		{07989C80-E826-46B9-992D-2B35DA40FC34}.Release|Win32.Build.0 = Release|Win32
	EndGlobalSection
	GlobalSection(SolutionProperties) = preSolution
		HideSolutionNode = FALSE
	EndGlobalSection
EndGlobal
